
Microsoft Visual Studio Solution File, Format Version 12.00
# Visual Studio Version 17
VisualStudioVersion = 17.7.34009.444
MinimumVisualStudioVersion = 10.0.40219.1
Project("{FAE04EC0-301F-11D3-BF4B-00C04F79EFBC}") = "Subasta", "Subasta\Subasta.csproj", "{390444F8-4666-48BC-BC26-EFDA76AFFA3D}"
EndProject
Global
	GlobalSection(SolutionConfigurationPlatforms) = preSolution
		Debug|Any CPU = Debug|Any CPU
		Release|Any CPU = Release|Any CPU
	EndGlobalSection
	GlobalSection(ProjectConfigurationPlatforms) = postSolution
		{390444F8-4666-48BC-BC26-EFDA76AFFA3D}.Debug|Any CPU.ActiveCfg = Debug|Any CPU
		{390444F8-4666-48BC-BC26-EFDA76AFFA3D}.Debug|Any CPU.Build.0 = Debug|Any CPU
		{390444F8-4666-48BC-BC26-EFDA76AFFA3D}.Release|Any CPU.ActiveCfg = Release|Any CPU
		{390444F8-4666-48BC-BC26-EFDA76AFFA3D}.Release|Any CPU.Build.0 = Release|Any CPU
	EndGlobalSection
	GlobalSection(SolutionProperties) = preSolution
		HideSolutionNode = FALSE
	EndGlobalSection
	GlobalSection(ExtensibilityGlobals) = postSolution
		SolutionGuid = {733618AD-F8ED-47BA-B71D-5973F06C5F81}
	EndGlobalSection
EndGlobal
